
Microsoft Visual Studio Solution File, Format Version 12.00
# Visual Studio Version 16
VisualStudioVersion = 16.0.31727.386
MinimumVisualStudioVersion = 10.0.40219.1
Project("{FAE04EC0-301F-11D3-BF4B-00C04F79EFBC}") = "EmployeeProject", "EmployeeProject.csproj", "{80321889-16C3-41D9-BBB3-2B7965E3806B}"
EndProject
Global
	GlobalSection(SolutionConfigurationPlatforms) = preSolution
		Debug|Any CPU = Debug|Any CPU
		Release|Any CPU = Release|Any CPU
	EndGlobalSection
	GlobalSection(ProjectConfigurationPlatforms) = postSolution
		{80321889-16C3-41D9-BBB3-2B7965E3806B}.Debug|Any CPU.ActiveCfg = Debug|Any CPU
		{80321889-16C3-41D9-BBB3-2B7965E3806B}.Debug|Any CPU.Build.0 = Debug|Any CPU
		{80321889-16C3-41D9-BBB3-2B7965E3806B}.Release|Any CPU.ActiveCfg = Release|Any CPU
		{80321889-16C3-41D9-BBB3-2B7965E3806B}.Release|Any CPU.Build.0 = Release|Any CPU
	EndGlobalSection
	GlobalSection(SolutionProperties) = preSolution
		HideSolutionNode = FALSE
	EndGlobalSection
	GlobalSection(ExtensibilityGlobals) = postSolution
		SolutionGuid = {DC834B19-43AF-465F-BD25-000E419D00A5}
	EndGlobalSection
EndGlobal
